{
  "lockfileVersion": 1,
  "workspaces": {
    "": {
      "name": "prettier-oxc-parser",
      "dependencies": {
        "oxc-parser": "^0.73.0",
      },
      "devDependencies": {
        "@types/bun": "^1.2.11",
        "@typescript-eslint/visitor-keys": "^8.33.0",
        "mitata": "^1.0.34",
        "prettier": "^3.5.3",
        "typescript": "^5.8.3",
      },
      "peerDependencies": {
        "prettier": "^3.5.3",
      },
    },
  },
  "packages": {
    "@emnapi/core": ["@emnapi/core@1.4.3", "", { "dependencies": { "@emnapi/wasi-threads": "1.0.2", "tslib": "^2.4.0" } }, "sha512-4m62DuCE07lw01soJwPiBGC0nAww0Q+RY70VZ+n49yDIO13yyinhbWCeNnaob0lakDtWQzSdtNWzJeOJt2ma+g=="],

    "@emnapi/runtime": ["@emnapi/runtime@1.4.3", "", { "dependencies": { "tslib": "^2.4.0" } }, "sha512-pBPWdu6MLKROBX05wSNKcNb++m5Er+KQ9QkB+WVM+pW2Kx9hoSrVTnu3BdkI5eBLZoKu/J6mW/B6i6bJB2ytXQ=="],

    "@emnapi/wasi-threads": ["@emnapi/wasi-threads@1.0.2", "", { "dependencies": { "tslib": "^2.4.0" } }, "sha512-5n3nTJblwRi8LlXkJ9eBzu+kZR8Yxcc7ubakyQTFzPMtIhFpUBRbsnc2Dv88IZDIbCDlBiWrknhB4Lsz7mg6BA=="],

    "@napi-rs/wasm-runtime": ["@napi-rs/wasm-runtime@0.2.11", "", { "dependencies": { "@emnapi/core": "^1.4.3", "@emnapi/runtime": "^1.4.3", "@tybys/wasm-util": "^0.9.0" } }, "sha512-9DPkXtvHydrcOsopiYpUgPHpmj0HWZKMUnL2dZqpvC42lsratuBG06V5ipyno0fUek5VlFsNQ+AcFATSrJXgMA=="],

    "@oxc-parser/binding-darwin-arm64": ["@oxc-parser/binding-darwin-arm64@0.73.0", "", { "os": "darwin", "cpu": "arm64" }, "sha512-YKMIgntz0Ron8jGyOpLSRW0zHH+9nULOyKm2j3AyNHbiEXft1O8QrHckk9o7ac+7Ue/WbF2mrJaE7baIyitQnw=="],

    "@oxc-parser/binding-darwin-x64": ["@oxc-parser/binding-darwin-x64@0.73.0", "", { "os": "darwin", "cpu": "x64" }, "sha512-Bj6K7LEUfYl5w/ougXeKW25qRBlcHHURaqQsl8GI8ctzt/Y4qMJQe2/f7aS0L2fdw5momEiD9k8C9ip1pKQF7A=="],

    "@oxc-parser/binding-freebsd-x64": ["@oxc-parser/binding-freebsd-x64@0.73.0", "", { "os": "freebsd", "cpu": "x64" }, "sha512-ctVr+IDMkGbDqlq9NQKNeMpfqo8cLVNmXSihuig2OWCtgBhVMSlg6EotR7UhcUJokTe8Sfb57IGFGvDY9MQVLA=="],

    "@oxc-parser/binding-linux-arm-gnueabihf": ["@oxc-parser/binding-linux-arm-gnueabihf@0.73.0", "", { "os": "linux", "cpu": "arm" }, "sha512-5Ap+WFeh4rS9+255k8Ia1/4T8v1bO9Ttro3R6e5YuWIUFx6BKXxLykaKfNX7blcLt/0sQ1OyECJVFnnKH56elA=="],

    "@oxc-parser/binding-linux-arm-musleabihf": ["@oxc-parser/binding-linux-arm-musleabihf@0.73.0", "", { "os": "linux", "cpu": "arm" }, "sha512-PGRaekUhhwzPt/yZScnjUV4oZ4pt54WfC6p3FMWEqHrZCiMhPlpTFzi2kDyZShdPVy3y8+tP/hg8R4QCHsUFjg=="],

    "@oxc-parser/binding-linux-arm64-gnu": ["@oxc-parser/binding-linux-arm64-gnu@0.73.0", "", { "os": "linux", "cpu": "arm64" }, "sha512-wl+U2PRWx4noNCs3Eeh3SJv5rvkbiWYjiJ70zzlwyMtSoNGeKeZDjhNFPk4raj09Ps/OP7r+WtxxATBUXhpb1A=="],

    "@oxc-parser/binding-linux-arm64-musl": ["@oxc-parser/binding-linux-arm64-musl@0.73.0", "", { "os": "linux", "cpu": "arm64" }, "sha512-jo0x28E9cY/wutP3E3+tSEpmySqDiLbDBFq8Y7a5q0vw8ht6JOZJqAMHQpfTDxp44DrFoCkW1liy4K3GBqVAFQ=="],

    "@oxc-parser/binding-linux-riscv64-gnu": ["@oxc-parser/binding-linux-riscv64-gnu@0.73.0", "", { "os": "linux", "cpu": "none" }, "sha512-XbifJrSpw9+FgpRzUOqp2iOVaJZPJRNW+gaMBxPUo/Z0w1YfhaujDy9QAS59E7CP7Nuty8N2kFQWemlTZVYBaw=="],

    "@oxc-parser/binding-linux-s390x-gnu": ["@oxc-parser/binding-linux-s390x-gnu@0.73.0", "", { "os": "linux", "cpu": "s390x" }, "sha512-Ens/lCSpetR0+T80a3rO5IA0oZ0a3jc0Q+LMQfi5q1d8twiPqHqaQjizibLV4ALhGhpYssH5BmWndhFUT/cR/g=="],

    "@oxc-parser/binding-linux-x64-gnu": ["@oxc-parser/binding-linux-x64-gnu@0.73.0", "", { "os": "linux", "cpu": "x64" }, "sha512-d16jGDksxGWsMvuTAlQLH3Wl/4YIDi2R3309gNfiJedLP5aZVixYIzFEY8EcEstJQgHCir1diuKjAKCxO0k9ww=="],

    "@oxc-parser/binding-linux-x64-musl": ["@oxc-parser/binding-linux-x64-musl@0.73.0", "", { "os": "linux", "cpu": "x64" }, "sha512-lOU10GPHjyx/2K2smsSYtJqbiAktzWrycyzhg+14vItuhvkcn0v0U6U2hraRY6YTCgXF9ts8MZugfe8rkXsAaA=="],

    "@oxc-parser/binding-wasm32-wasi": ["@oxc-parser/binding-wasm32-wasi@0.73.0", "", { "dependencies": { "@napi-rs/wasm-runtime": "^0.2.11" }, "cpu": "none" }, "sha512-rY32AlpapLKzPnLyVQCjv892epV3wORNcWmmJ4oCZeqeK2Uh1w3UzYxXe9qSCIXGcbjGLa6wkIL+xBQaLVxnyQ=="],

    "@oxc-parser/binding-win32-arm64-msvc": ["@oxc-parser/binding-win32-arm64-msvc@0.73.0", "", { "os": "win32", "cpu": "arm64" }, "sha512-uMgVvnaYZjjWih/aUokKyxIm4dBH8RCAXedDTBdI2duoVqVh2eV3fTfietvPfqkHB6vf2pRii2SJJvxEakhOoA=="],

    "@oxc-parser/binding-win32-x64-msvc": ["@oxc-parser/binding-win32-x64-msvc@0.73.0", "", { "os": "win32", "cpu": "x64" }, "sha512-6pXuBVGo6dGbOnVsI67pQ+8OH/IwTp5Dfpda/EE4SoPl1ticT4HGiZD3Y9EWourC/vUWfbkmSR3lXxRdI7NKpA=="],

    "@oxc-project/types": ["@oxc-project/types@0.73.0", "", {}, "sha512-ZQS7dpsga43R7bjqRKHRhOeNpuIBeLBnlS3M6H3IqWIWiapGOQIxp4lpETLBYupkSd4dh85ESFn6vAvtpPdGkA=="],

    "@tybys/wasm-util": ["@tybys/wasm-util@0.9.0", "", { "dependencies": { "tslib": "^2.4.0" } }, "sha512-6+7nlbMVX/PVDCwaIQ8nTOPveOcFLSt8GcXdx8hD0bt39uWxYT88uXzqTd4fTvqta7oeUJqudepapKNt2DYJFw=="],

    "@types/bun": ["@types/bun@1.2.14", "", { "dependencies": { "bun-types": "1.2.14" } }, "sha512-VsFZKs8oKHzI7zwvECiAJ5oSorWndIWEVhfbYqZd4HI/45kzW7PN2Rr5biAzvGvRuNmYLSANY+H59ubHq8xw7Q=="],

    "@types/node": ["@types/node@22.15.23", "", { "dependencies": { "undici-types": "~6.21.0" } }, "sha512-7Ec1zaFPF4RJ0eXu1YT/xgiebqwqoJz8rYPDi/O2BcZ++Wpt0Kq9cl0eg6NN6bYbPnR67ZLo7St5Q3UK0SnARw=="],

    "@typescript-eslint/types": ["@typescript-eslint/types@8.33.0", "", {}, "sha512-DKuXOKpM5IDT1FA2g9x9x1Ug81YuKrzf4mYX8FAVSNu5Wo/LELHWQyM1pQaDkI42bX15PWl0vNPt1uGiIFUOpg=="],

    "@typescript-eslint/visitor-keys": ["@typescript-eslint/visitor-keys@8.33.0", "", { "dependencies": { "@typescript-eslint/types": "8.33.0", "eslint-visitor-keys": "^4.2.0" } }, "sha512-7RW7CMYoskiz5OOGAWjJFxgb7c5UNjTG292gYhWeOAcFmYCtVCSqjqSBj5zMhxbXo2JOW95YYrUWJfU0zrpaGQ=="],

    "bun-types": ["bun-types@1.2.14", "", { "dependencies": { "@types/node": "*" } }, "sha512-Kuh4Ub28ucMRWeiUUWMHsT9Wcbr4H3kLIO72RZZElSDxSu7vpetRvxIUDUaW6QtaIeixIpm7OXtNnZPf82EzwA=="],

    "eslint-visitor-keys": ["eslint-visitor-keys@4.2.0", "", {}, "sha512-UyLnSehNt62FFhSwjZlHmeokpRK59rcz29j+F1/aDgbkbRTk7wIc9XzdoasMUbRNKDM0qQt/+BJ4BrpFeABemw=="],

    "mitata": ["mitata@1.0.34", "", {}, "sha512-Mc3zrtNBKIMeHSCQ0XqRLo1vbdIx1wvFV9c8NJAiyho6AjNfMY8bVhbS12bwciUdd1t4rj8099CH3N3NFahaUA=="],

    "oxc-parser": ["oxc-parser@0.73.0", "", { "dependencies": { "@oxc-project/types": "^0.73.0" }, "optionalDependencies": { "@oxc-parser/binding-darwin-arm64": "0.73.0", "@oxc-parser/binding-darwin-x64": "0.73.0", "@oxc-parser/binding-freebsd-x64": "0.73.0", "@oxc-parser/binding-linux-arm-gnueabihf": "0.73.0", "@oxc-parser/binding-linux-arm-musleabihf": "0.73.0", "@oxc-parser/binding-linux-arm64-gnu": "0.73.0", "@oxc-parser/binding-linux-arm64-musl": "0.73.0", "@oxc-parser/binding-linux-riscv64-gnu": "0.73.0", "@oxc-parser/binding-linux-s390x-gnu": "0.73.0", "@oxc-parser/binding-linux-x64-gnu": "0.73.0", "@oxc-parser/binding-linux-x64-musl": "0.73.0", "@oxc-parser/binding-wasm32-wasi": "0.73.0", "@oxc-parser/binding-win32-arm64-msvc": "0.73.0", "@oxc-parser/binding-win32-x64-msvc": "0.73.0" } }, "sha512-9BteHO6pfjs3L7gU3ZiZGoxfipNFeHh9gz7dXb23gTf4nQUfWZLHnKdyuT+qTtJd2k4pFsDBztvhzFZ/2/qGKg=="],

    "prettier": ["prettier@3.5.3", "", { "bin": { "prettier": "bin/prettier.cjs" } }, "sha512-QQtaxnoDJeAkDvDKWCLiwIXkTgRhwYDEQCghU9Z6q03iyek/rxRh/2lC3HB7P8sWT2xC/y5JDctPLBIGzHKbhw=="],

    "tslib": ["tslib@2.8.1", "", {}, "sha512-oJFu94HQb+KVduSUQL7wnpmqnfmLsOA/nAh6b6EH0wCEoK0/mPeXU6c3wKDV83MkOuHPRHtSXKKU99IBazS/2w=="],

    "typescript": ["typescript@5.8.3", "", { "bin": { "tsc": "bin/tsc", "tsserver": "bin/tsserver" } }, "sha512-p1diW6TqL9L07nNxvRMM7hMMw4c5XOo/1ibL4aAIGmSAt9slTE1Xgw5KWuof2uTOvCg9BY7ZRi+GaF+7sfgPeQ=="],

    "undici-types": ["undici-types@6.21.0", "", {}, "sha512-iwDZqg0QAGrg9Rav5H4n0M64c3mkR59cJ6wQp+7C4nI0gsmExaedaYLNO44eT4AtBBwjbTiGPMlt2Md0T9H9JQ=="],
  }
}
