{
  "lockfileVersion": 1,
  "workspaces": {
    "": {
      "name": "prettier-oxc-parser",
      "dependencies": {
        "oxc-parser": "^0.77.2",
      },
      "devDependencies": {
        "@types/bun": "^1.2.18",
        "@typescript-eslint/visitor-keys": "^8.37.0",
        "mitata": "^1.0.34",
        "prettier": "^3.6.2",
        "typescript": "^5.8.3",
      },
      "peerDependencies": {
        "prettier": "^3.6.2",
      },
    },
  },
  "packages": {
    "@emnapi/core": ["@emnapi/core@1.4.3", "", { "dependencies": { "@emnapi/wasi-threads": "1.0.2", "tslib": "^2.4.0" } }, "sha512-4m62DuCE07lw01soJwPiBGC0nAww0Q+RY70VZ+n49yDIO13yyinhbWCeNnaob0lakDtWQzSdtNWzJeOJt2ma+g=="],

    "@emnapi/runtime": ["@emnapi/runtime@1.4.3", "", { "dependencies": { "tslib": "^2.4.0" } }, "sha512-pBPWdu6MLKROBX05wSNKcNb++m5Er+KQ9QkB+WVM+pW2Kx9hoSrVTnu3BdkI5eBLZoKu/J6mW/B6i6bJB2ytXQ=="],

    "@emnapi/wasi-threads": ["@emnapi/wasi-threads@1.0.2", "", { "dependencies": { "tslib": "^2.4.0" } }, "sha512-5n3nTJblwRi8LlXkJ9eBzu+kZR8Yxcc7ubakyQTFzPMtIhFpUBRbsnc2Dv88IZDIbCDlBiWrknhB4Lsz7mg6BA=="],

    "@napi-rs/wasm-runtime": ["@napi-rs/wasm-runtime@1.0.0", "", { "dependencies": { "@emnapi/core": "^1.4.3", "@emnapi/runtime": "^1.4.3", "@tybys/wasm-util": "^0.10.0" } }, "sha512-OInwPIZhcQ+aWOBFMUXzv95RLDTBRPaNPm5kSFJaL3gVAMVxrzc0YXNsVeLPHf+4sTviOy2e5wZdvKILb7dC/w=="],

    "@oxc-parser/binding-android-arm64": ["@oxc-parser/binding-android-arm64@0.77.2", "", { "os": "android", "cpu": "arm64" }, "sha512-vQRLzsNhj9p3ElHgzX5yScORTWU7R8QFnwSanOMnWcjp1AZmTqG1gP2QkSEHQ1H3XTB3embFmghH8sh6XmIj7w=="],

    "@oxc-parser/binding-darwin-arm64": ["@oxc-parser/binding-darwin-arm64@0.77.2", "", { "os": "darwin", "cpu": "arm64" }, "sha512-amTm7J54/wm3BKT2q6PWwRbXgfye5qxGVgpC12ATpqv8jW4J+VA9kJH9pp9utya4C7MHsLplT+ZJwKP4zQmBtg=="],

    "@oxc-parser/binding-darwin-x64": ["@oxc-parser/binding-darwin-x64@0.77.2", "", { "os": "darwin", "cpu": "x64" }, "sha512-0T9gFEpU6tYhkFJHzSokb2zvKQq/Tlwh2s+2HnRRXnNp0ZEhI2VKptvw+Q7+FfyStLEQ5s6Y+wfYNdZnnA8YAw=="],

    "@oxc-parser/binding-freebsd-x64": ["@oxc-parser/binding-freebsd-x64@0.77.2", "", { "os": "freebsd", "cpu": "x64" }, "sha512-n0UEyYVOq1dPTNCgVC+aatF/QH509EVS9DyGCTHBxGmjRapcHkcQC2j1KDrMMinIUmekxsLYKG6oWVC2qZ/3Dg=="],

    "@oxc-parser/binding-linux-arm-gnueabihf": ["@oxc-parser/binding-linux-arm-gnueabihf@0.77.2", "", { "os": "linux", "cpu": "arm" }, "sha512-Uhr6wmVMr8EVKFZU590H/X7Kra1C9DiVo/9mWFLEbUbdhYKBbetqP4OXlO2tzYJbtpEQNf5hDo+q5907alfyZw=="],

    "@oxc-parser/binding-linux-arm-musleabihf": ["@oxc-parser/binding-linux-arm-musleabihf@0.77.2", "", { "os": "linux", "cpu": "arm" }, "sha512-81gQLovgCUQ69y3lXJYvLuBbgrf9LBInUxLYhig9axubGddvcjWBIkEe4rqWGhE5HtsN1jMnHwYwUtf62Bmctw=="],

    "@oxc-parser/binding-linux-arm64-gnu": ["@oxc-parser/binding-linux-arm64-gnu@0.77.2", "", { "os": "linux", "cpu": "arm64" }, "sha512-h37sw25I39S00ruJQsWUYL72w4lWAla63Sk/RrYPBcarX6yLByVjGuPmf/i4ItYns88L/yNStHCfrDZr3h1Wlg=="],

    "@oxc-parser/binding-linux-arm64-musl": ["@oxc-parser/binding-linux-arm64-musl@0.77.2", "", { "os": "linux", "cpu": "arm64" }, "sha512-i1nxZ7xUi4crrJn3f4u1DTyggNNYUCm0L63xWD+0KfZQs757sw1YRD9WYFfIFW9Dbps0dnKhyFXkQ/uSGgL2JQ=="],

    "@oxc-parser/binding-linux-riscv64-gnu": ["@oxc-parser/binding-linux-riscv64-gnu@0.77.2", "", { "os": "linux", "cpu": "none" }, "sha512-1t2nm5oGRcwicmrRtTlz2a8E4P2PQV2J4x17XpH2tY8CSvGgmx1IeL9orNyjjxO9wRwRhpUvdJGFXnCMGr32zA=="],

    "@oxc-parser/binding-linux-s390x-gnu": ["@oxc-parser/binding-linux-s390x-gnu@0.77.2", "", { "os": "linux", "cpu": "s390x" }, "sha512-my+0d+8VvnX7hghlle0zzM9A2Ipxum3KNjItYKkGZDUMX41JUybAkRYx2k85uqIxIEnXDVnQrISyhmw42u4yzA=="],

    "@oxc-parser/binding-linux-x64-gnu": ["@oxc-parser/binding-linux-x64-gnu@0.77.2", "", { "os": "linux", "cpu": "x64" }, "sha512-vYD8Esbs00qMD8Spk9vq3TIsZ+n9ym/4vIGExgHZCHOX2y1erRagmNpZkLTqHeOOkr8NuhynQa/lrMX/rFSoiQ=="],

    "@oxc-parser/binding-linux-x64-musl": ["@oxc-parser/binding-linux-x64-musl@0.77.2", "", { "os": "linux", "cpu": "x64" }, "sha512-Zldt2es4uZewhGPYHf92I5rnzhmHXVbYnj6mjW4Dq+3cHubFOQ/+1Diu2qGX1Wnu1QqGHhnjKpEFpDNrqznZeQ=="],

    "@oxc-parser/binding-wasm32-wasi": ["@oxc-parser/binding-wasm32-wasi@0.77.2", "", { "dependencies": { "@napi-rs/wasm-runtime": "^1.0.0" }, "cpu": "none" }, "sha512-cFQIOj8Gvd7J5KD1jtH36r3tOK4sbUT2OV0bxZezSB8qezTPET+DlE0JwtYdm2+lgcKNWBaSLdA795CCcrRFxQ=="],

    "@oxc-parser/binding-win32-arm64-msvc": ["@oxc-parser/binding-win32-arm64-msvc@0.77.2", "", { "os": "win32", "cpu": "arm64" }, "sha512-fCXuiOaoWG5zBYoErFykMRGFeR2oYbH18oUV7lsVB1/f/jBdcWkITmKPnMWJmdXMWx1w2/SZReoTTkb0OoUFvQ=="],

    "@oxc-parser/binding-win32-x64-msvc": ["@oxc-parser/binding-win32-x64-msvc@0.77.2", "", { "os": "win32", "cpu": "x64" }, "sha512-BesX+QV+21pengcfxC0lu8VCeIXrPs20G0a0aJjmlw9y8QAq/dXxY+FkIMY7CUgs590x9bcNaUFLTl1JMZXk1A=="],

    "@oxc-project/types": ["@oxc-project/types@0.77.2", "", {}, "sha512-+ZFWJF8ZBTOIO5PiNohNIw7JBzJCybScfrhLh65tcHCAtqaQkVDonjRD1HmMV/RF3rtt3r88hzSyTqvXs4j7vw=="],

    "@tybys/wasm-util": ["@tybys/wasm-util@0.10.0", "", { "dependencies": { "tslib": "^2.4.0" } }, "sha512-VyyPYFlOMNylG45GoAe0xDoLwWuowvf92F9kySqzYh8vmYm7D2u4iUJKa1tOUpS70Ku13ASrOkS4ScXFsTaCNQ=="],

    "@types/bun": ["@types/bun@1.2.18", "", { "dependencies": { "bun-types": "1.2.18" } }, "sha512-Xf6RaWVheyemaThV0kUfaAUvCNokFr+bH8Jxp+tTZfx7dAPA8z9ePnP9S9+Vspzuxxx9JRAXhnyccRj3GyCMdQ=="],

    "@types/node": ["@types/node@22.15.23", "", { "dependencies": { "undici-types": "~6.21.0" } }, "sha512-7Ec1zaFPF4RJ0eXu1YT/xgiebqwqoJz8rYPDi/O2BcZ++Wpt0Kq9cl0eg6NN6bYbPnR67ZLo7St5Q3UK0SnARw=="],

    "@types/react": ["@types/react@19.1.8", "", { "dependencies": { "csstype": "^3.0.2" } }, "sha512-AwAfQ2Wa5bCx9WP8nZL2uMZWod7J7/JSplxbTmBQ5ms6QpqNYm672H0Vu9ZVKVngQ+ii4R/byguVEUZQyeg44g=="],

    "@typescript-eslint/types": ["@typescript-eslint/types@8.37.0", "", {}, "sha512-ax0nv7PUF9NOVPs+lmQ7yIE7IQmAf8LGcXbMvHX5Gm+YJUYNAl340XkGnrimxZ0elXyoQJuN5sbg6C4evKA4SQ=="],

    "@typescript-eslint/visitor-keys": ["@typescript-eslint/visitor-keys@8.37.0", "", { "dependencies": { "@typescript-eslint/types": "8.37.0", "eslint-visitor-keys": "^4.2.1" } }, "sha512-YzfhzcTnZVPiLfP/oeKtDp2evwvHLMe0LOy7oe+hb9KKIumLNohYS9Hgp1ifwpu42YWxhZE8yieggz6JpqO/1w=="],

    "bun-types": ["bun-types@1.2.18", "", { "dependencies": { "@types/node": "*" }, "peerDependencies": { "@types/react": "^19" } }, "sha512-04+Eha5NP7Z0A9YgDAzMk5PHR16ZuLVa83b26kH5+cp1qZW4F6FmAURngE7INf4tKOvCE69vYvDEwoNl1tGiWw=="],

    "csstype": ["csstype@3.1.3", "", {}, "sha512-M1uQkMl8rQK/szD0LNhtqxIPLpimGm8sOBwU7lLnCpSbTyY3yeU1Vc7l4KT5zT4s/yOxHH5O7tIuuLOCnLADRw=="],

    "eslint-visitor-keys": ["eslint-visitor-keys@4.2.1", "", {}, "sha512-Uhdk5sfqcee/9H/rCOJikYz67o0a2Tw2hGRPOG2Y1R2dg7brRe1uG0yaNQDHu+TO/uQPF/5eCapvYSmHUjt7JQ=="],

    "mitata": ["mitata@1.0.34", "", {}, "sha512-Mc3zrtNBKIMeHSCQ0XqRLo1vbdIx1wvFV9c8NJAiyho6AjNfMY8bVhbS12bwciUdd1t4rj8099CH3N3NFahaUA=="],

    "oxc-parser": ["oxc-parser@0.77.2", "", { "dependencies": { "@oxc-project/types": "^0.77.2" }, "optionalDependencies": { "@oxc-parser/binding-android-arm64": "0.77.2", "@oxc-parser/binding-darwin-arm64": "0.77.2", "@oxc-parser/binding-darwin-x64": "0.77.2", "@oxc-parser/binding-freebsd-x64": "0.77.2", "@oxc-parser/binding-linux-arm-gnueabihf": "0.77.2", "@oxc-parser/binding-linux-arm-musleabihf": "0.77.2", "@oxc-parser/binding-linux-arm64-gnu": "0.77.2", "@oxc-parser/binding-linux-arm64-musl": "0.77.2", "@oxc-parser/binding-linux-riscv64-gnu": "0.77.2", "@oxc-parser/binding-linux-s390x-gnu": "0.77.2", "@oxc-parser/binding-linux-x64-gnu": "0.77.2", "@oxc-parser/binding-linux-x64-musl": "0.77.2", "@oxc-parser/binding-wasm32-wasi": "0.77.2", "@oxc-parser/binding-win32-arm64-msvc": "0.77.2", "@oxc-parser/binding-win32-x64-msvc": "0.77.2" } }, "sha512-+FMfYsACcAcoeVJfvewk9FeSVXO2maiv78hE1zHzQPwLB7QTdsharc08HnBa0bUPl9D1dfzs20wPGmLLY2HYtg=="],

    "prettier": ["prettier@3.6.2", "", { "bin": { "prettier": "bin/prettier.cjs" } }, "sha512-I7AIg5boAr5R0FFtJ6rCfD+LFsWHp81dolrFD8S79U9tb8Az2nGrJncnMSnys+bpQJfRUzqs9hnA81OAA3hCuQ=="],

    "tslib": ["tslib@2.8.1", "", {}, "sha512-oJFu94HQb+KVduSUQL7wnpmqnfmLsOA/nAh6b6EH0wCEoK0/mPeXU6c3wKDV83MkOuHPRHtSXKKU99IBazS/2w=="],

    "typescript": ["typescript@5.8.3", "", { "bin": { "tsc": "bin/tsc", "tsserver": "bin/tsserver" } }, "sha512-p1diW6TqL9L07nNxvRMM7hMMw4c5XOo/1ibL4aAIGmSAt9slTE1Xgw5KWuof2uTOvCg9BY7ZRi+GaF+7sfgPeQ=="],

    "undici-types": ["undici-types@6.21.0", "", {}, "sha512-iwDZqg0QAGrg9Rav5H4n0M64c3mkR59cJ6wQp+7C4nI0gsmExaedaYLNO44eT4AtBBwjbTiGPMlt2Md0T9H9JQ=="],
  }
}
