{
  "lockfileVersion": 1,
  "workspaces": {
    "": {
      "name": "prettier-oxc-parser",
      "dependencies": {
        "oxc-parser": "0.72.0",
      },
      "devDependencies": {
        "@types/bun": "^1.2.11",
        "@typescript-eslint/visitor-keys": "^8.33.0",
        "mitata": "^1.0.34",
        "prettier": "^3.5.3",
        "typescript": "^5.8.3",
      },
      "peerDependencies": {
        "prettier": "^3.5.3",
      },
    },
  },
  "packages": {
    "@emnapi/core": ["@emnapi/core@1.4.3", "", { "dependencies": { "@emnapi/wasi-threads": "1.0.2", "tslib": "^2.4.0" } }, "sha512-4m62DuCE07lw01soJwPiBGC0nAww0Q+RY70VZ+n49yDIO13yyinhbWCeNnaob0lakDtWQzSdtNWzJeOJt2ma+g=="],

    "@emnapi/runtime": ["@emnapi/runtime@1.4.3", "", { "dependencies": { "tslib": "^2.4.0" } }, "sha512-pBPWdu6MLKROBX05wSNKcNb++m5Er+KQ9QkB+WVM+pW2Kx9hoSrVTnu3BdkI5eBLZoKu/J6mW/B6i6bJB2ytXQ=="],

    "@emnapi/wasi-threads": ["@emnapi/wasi-threads@1.0.2", "", { "dependencies": { "tslib": "^2.4.0" } }, "sha512-5n3nTJblwRi8LlXkJ9eBzu+kZR8Yxcc7ubakyQTFzPMtIhFpUBRbsnc2Dv88IZDIbCDlBiWrknhB4Lsz7mg6BA=="],

    "@napi-rs/wasm-runtime": ["@napi-rs/wasm-runtime@0.2.10", "", { "dependencies": { "@emnapi/core": "^1.4.3", "@emnapi/runtime": "^1.4.3", "@tybys/wasm-util": "^0.9.0" } }, "sha512-bCsCyeZEwVErsGmyPNSzwfwFn4OdxBj0mmv6hOFucB/k81Ojdu68RbZdxYsRQUPc9l6SU5F/cG+bXgWs3oUgsQ=="],

    "@oxc-parser/binding-darwin-arm64": ["@oxc-parser/binding-darwin-arm64@0.72.0", "", { "os": "darwin", "cpu": "arm64" }, "sha512-uUAf0hBLzW8rfYiSuprYWtvvTvAqoswmVZsHVUqW4vFEdxgUn7XMlQuAlmRdPFu43UPMVG1/z30AUDcO54fQPQ=="],

    "@oxc-parser/binding-darwin-x64": ["@oxc-parser/binding-darwin-x64@0.72.0", "", { "os": "darwin", "cpu": "x64" }, "sha512-BN+CEFgE9tcNxLWZRkPRVD+oVJzfFpy/c3jt944UG7mWkVJEvg3V9fO0XbxuOntZwWKZdVX3virigj9xjNe7kg=="],

    "@oxc-parser/binding-freebsd-x64": ["@oxc-parser/binding-freebsd-x64@0.72.0", "", { "os": "freebsd", "cpu": "x64" }, "sha512-HWPsYVNQnfUthGYfaotD2CiZmsluOi/QHIIFsj5LW0QbCOB+tK896BTv/8yhjkxAw8BuzS4yM79PtDgdZd1wYw=="],

    "@oxc-parser/binding-linux-arm-gnueabihf": ["@oxc-parser/binding-linux-arm-gnueabihf@0.72.0", "", { "os": "linux", "cpu": "arm" }, "sha512-9VQ4tdTulXIr8EYE9Vpy8FKpgfwxuMB2CF7bIwGCoWFoPs6i/iK3RAnVzIwgpSvZ1ibhkSaMbvbED8Jo33UuZw=="],

    "@oxc-parser/binding-linux-arm-musleabihf": ["@oxc-parser/binding-linux-arm-musleabihf@0.72.0", "", { "os": "linux", "cpu": "arm" }, "sha512-Berv7hdLI+MtVYHh0Wx+Gc4On+6JRC22dw63ReFQa8ep8pT8Ej1OM5pVQE/+4K4ClulqpWf7Oe9LZ1Lygfsj+w=="],

    "@oxc-parser/binding-linux-arm64-gnu": ["@oxc-parser/binding-linux-arm64-gnu@0.72.0", "", { "os": "linux", "cpu": "arm64" }, "sha512-80OQVzBvGduh4n4LEplaspWbgkCp4fS0B8bOW83Pn3KlZuEjQVGtCECF70v2zRPYE4a6FrSLA8JMCi1HG+7IMA=="],

    "@oxc-parser/binding-linux-arm64-musl": ["@oxc-parser/binding-linux-arm64-musl@0.72.0", "", { "os": "linux", "cpu": "arm64" }, "sha512-I0kdm0vXcNiig/C6BcIyYfQaF3M5mHOJjkb576ACE19CeTCHGfRjFxEhbWutiht9fD9DJmsWFGnyabi8SGTr8A=="],

    "@oxc-parser/binding-linux-riscv64-gnu": ["@oxc-parser/binding-linux-riscv64-gnu@0.72.0", "", { "os": "linux", "cpu": "none" }, "sha512-cpKRs5lxj7/r4CNzls59nMUMHXSQ0RYAvI57luz6BbAPTddxaRcz/tFPrP9tSJVTh73ATI8zrXtVuOaQp66MrQ=="],

    "@oxc-parser/binding-linux-s390x-gnu": ["@oxc-parser/binding-linux-s390x-gnu@0.72.0", "", { "os": "linux", "cpu": "s390x" }, "sha512-8BjB9B4iw4lruPeyCBU8LBYjk7DPbwxDy5PmJwKtKhY5GIQjnAcdJfXKsqNo0VntXnqSTfN5T8t4nqOQXneYug=="],

    "@oxc-parser/binding-linux-x64-gnu": ["@oxc-parser/binding-linux-x64-gnu@0.72.0", "", { "os": "linux", "cpu": "x64" }, "sha512-AI9h0vIucg6nxCD1mNPshxUohmcR4OVILClTnelKjWICYQZOu8Jp3QomHH2O8N4ZSfaT/jykMpxi5DIJglprSw=="],

    "@oxc-parser/binding-linux-x64-musl": ["@oxc-parser/binding-linux-x64-musl@0.72.0", "", { "os": "linux", "cpu": "x64" }, "sha512-lgcBfzGlE+hu+pJxqpC7P0AE3KswupHqm21mCsqNtMsZE32V5oZVdiCfCvCxIgwozpw1oNpapUnz1NRQFxn5Ug=="],

    "@oxc-parser/binding-wasm32-wasi": ["@oxc-parser/binding-wasm32-wasi@0.72.0", "", { "dependencies": { "@napi-rs/wasm-runtime": "^0.2.10" }, "cpu": "none" }, "sha512-Rnk/onXKQAJAvQ6Gzqx4ewkOT2Lfoa/gpM+imUblhp9C/KXWx0i4imNL4Y2TrZ99co1HrEBUTHZhJxjCuM0OhA=="],

    "@oxc-parser/binding-win32-arm64-msvc": ["@oxc-parser/binding-win32-arm64-msvc@0.72.0", "", { "os": "win32", "cpu": "arm64" }, "sha512-UJ4gt/wFdtpv/9szmZI+wzxsz6tUYQyoUHQ9Lrz8OgmFKfaqSivlEQ7HEIqc4cgMheFsZ7WKeFvnBp/0JZX/VQ=="],

    "@oxc-parser/binding-win32-x64-msvc": ["@oxc-parser/binding-win32-x64-msvc@0.72.0", "", { "os": "win32", "cpu": "x64" }, "sha512-0UT5FSkKAakg+oo7+TRwJa4U7yhd6dzxeG8mF19svOp/vGA+CQjH3pJ+DXC25wfcTyPvQRcc/MtHr4fsQMG2wQ=="],

    "@oxc-project/types": ["@oxc-project/types@0.72.0", "", {}, "sha512-XhWPzZC/v9K5GnvdNgqLOKeQiJn1gPMUoDWGiqQztOeI/DWCe5GbLliGb3/DUn3sNENlrQ+aw7YqMX7kCCliIg=="],

    "@tybys/wasm-util": ["@tybys/wasm-util@0.9.0", "", { "dependencies": { "tslib": "^2.4.0" } }, "sha512-6+7nlbMVX/PVDCwaIQ8nTOPveOcFLSt8GcXdx8hD0bt39uWxYT88uXzqTd4fTvqta7oeUJqudepapKNt2DYJFw=="],

    "@types/bun": ["@types/bun@1.2.14", "", { "dependencies": { "bun-types": "1.2.14" } }, "sha512-VsFZKs8oKHzI7zwvECiAJ5oSorWndIWEVhfbYqZd4HI/45kzW7PN2Rr5biAzvGvRuNmYLSANY+H59ubHq8xw7Q=="],

    "@types/node": ["@types/node@22.15.23", "", { "dependencies": { "undici-types": "~6.21.0" } }, "sha512-7Ec1zaFPF4RJ0eXu1YT/xgiebqwqoJz8rYPDi/O2BcZ++Wpt0Kq9cl0eg6NN6bYbPnR67ZLo7St5Q3UK0SnARw=="],

    "@typescript-eslint/types": ["@typescript-eslint/types@8.33.0", "", {}, "sha512-DKuXOKpM5IDT1FA2g9x9x1Ug81YuKrzf4mYX8FAVSNu5Wo/LELHWQyM1pQaDkI42bX15PWl0vNPt1uGiIFUOpg=="],

    "@typescript-eslint/visitor-keys": ["@typescript-eslint/visitor-keys@8.33.0", "", { "dependencies": { "@typescript-eslint/types": "8.33.0", "eslint-visitor-keys": "^4.2.0" } }, "sha512-7RW7CMYoskiz5OOGAWjJFxgb7c5UNjTG292gYhWeOAcFmYCtVCSqjqSBj5zMhxbXo2JOW95YYrUWJfU0zrpaGQ=="],

    "bun-types": ["bun-types@1.2.14", "", { "dependencies": { "@types/node": "*" } }, "sha512-Kuh4Ub28ucMRWeiUUWMHsT9Wcbr4H3kLIO72RZZElSDxSu7vpetRvxIUDUaW6QtaIeixIpm7OXtNnZPf82EzwA=="],

    "eslint-visitor-keys": ["eslint-visitor-keys@4.2.0", "", {}, "sha512-UyLnSehNt62FFhSwjZlHmeokpRK59rcz29j+F1/aDgbkbRTk7wIc9XzdoasMUbRNKDM0qQt/+BJ4BrpFeABemw=="],

    "mitata": ["mitata@1.0.34", "", {}, "sha512-Mc3zrtNBKIMeHSCQ0XqRLo1vbdIx1wvFV9c8NJAiyho6AjNfMY8bVhbS12bwciUdd1t4rj8099CH3N3NFahaUA=="],

    "oxc-parser": ["oxc-parser@0.72.0", "", { "dependencies": { "@oxc-project/types": "^0.72.0" }, "optionalDependencies": { "@oxc-parser/binding-darwin-arm64": "0.72.0", "@oxc-parser/binding-darwin-x64": "0.72.0", "@oxc-parser/binding-freebsd-x64": "0.72.0", "@oxc-parser/binding-linux-arm-gnueabihf": "0.72.0", "@oxc-parser/binding-linux-arm-musleabihf": "0.72.0", "@oxc-parser/binding-linux-arm64-gnu": "0.72.0", "@oxc-parser/binding-linux-arm64-musl": "0.72.0", "@oxc-parser/binding-linux-riscv64-gnu": "0.72.0", "@oxc-parser/binding-linux-s390x-gnu": "0.72.0", "@oxc-parser/binding-linux-x64-gnu": "0.72.0", "@oxc-parser/binding-linux-x64-musl": "0.72.0", "@oxc-parser/binding-wasm32-wasi": "0.72.0", "@oxc-parser/binding-win32-arm64-msvc": "0.72.0", "@oxc-parser/binding-win32-x64-msvc": "0.72.0" } }, "sha512-0/QK7u5Fcetyl94NhMg+2T/xXIzhX/Wjlq58bXi9Ffg9dwHe11Mg12qWF5Aak/0KHCNaHzEsd+5B/W1gySbXnQ=="],

    "prettier": ["prettier@3.5.3", "", { "bin": { "prettier": "bin/prettier.cjs" } }, "sha512-QQtaxnoDJeAkDvDKWCLiwIXkTgRhwYDEQCghU9Z6q03iyek/rxRh/2lC3HB7P8sWT2xC/y5JDctPLBIGzHKbhw=="],

    "tslib": ["tslib@2.8.1", "", {}, "sha512-oJFu94HQb+KVduSUQL7wnpmqnfmLsOA/nAh6b6EH0wCEoK0/mPeXU6c3wKDV83MkOuHPRHtSXKKU99IBazS/2w=="],

    "typescript": ["typescript@5.8.3", "", { "bin": { "tsc": "bin/tsc", "tsserver": "bin/tsserver" } }, "sha512-p1diW6TqL9L07nNxvRMM7hMMw4c5XOo/1ibL4aAIGmSAt9slTE1Xgw5KWuof2uTOvCg9BY7ZRi+GaF+7sfgPeQ=="],

    "undici-types": ["undici-types@6.21.0", "", {}, "sha512-iwDZqg0QAGrg9Rav5H4n0M64c3mkR59cJ6wQp+7C4nI0gsmExaedaYLNO44eT4AtBBwjbTiGPMlt2Md0T9H9JQ=="],
  }
}
